# THIS IS AN AUTOGENERATED FILE. DO NOT EDIT THIS FILE DIRECTLY.
# yarn lockfile v1


"@types/lodash@4.14.108":
  version "4.14.108"
  resolved "https://registry.yarnpkg.com/@types/lodash/-/lodash-4.14.108.tgz#02656af3add2e5b3174f830862c47421c00ef817"
  integrity sha512-WD2vUOKfBBVHxWUV9iMR9RMfpuf8HquxWeAq2yqGVL7Nc4JW2+sQama0pREMqzNI3Tutj0PyxYUJwuoxxvX+xA==

"@types/node-dijkstra@^2.5.0":
  version "2.5.0"
  resolved "https://registry.yarnpkg.com/@types/node-dijkstra/-/node-dijkstra-2.5.0.tgz#9d3d3a815e180a54241b9cacbda10614618eb472"
  integrity sha512-iWcNDM0PorXEv2PZbNps/64VXaMF3EcVuCyL+Y4ptnSL6rvKo2lq8VGfuW/iH6/UBne7jpQynnpdJXa9H4Dkag==
  dependencies:
    "@types/node" "*"

"@types/node@*":
  version "12.6.8"
  resolved "https://registry.yarnpkg.com/@types/node/-/node-12.6.8.tgz#e469b4bf9d1c9832aee4907ba8a051494357c12c"
  integrity sha512-aX+gFgA5GHcDi89KG5keey2zf0WfZk/HAQotEamsK2kbey+8yGKcson0hbK8E+v0NArlCJQCqMP161YhV6ZXLg==

"@types/prop-types@*":
  version "15.7.1"
  resolved "https://registry.yarnpkg.com/@types/prop-types/-/prop-types-15.7.1.tgz#f1a11e7babb0c3cad68100be381d1e064c68f1f6"
  integrity sha512-CFzn9idOEpHrgdw8JsoTkaDDyRWk1jrzIV8djzcgpq0y9tG4B4lFT+Nxh52DVpDXV+n4+NPNv7M1Dj5uMp6XFg==

"@types/react-dom@16.8.4":
  version "16.8.4"
  resolved "https://registry.yarnpkg.com/@types/react-dom/-/react-dom-16.8.4.tgz#7fb7ba368857c7aa0f4e4511c4710ca2c5a12a88"
  integrity sha512-eIRpEW73DCzPIMaNBDP5pPIpK1KXyZwNgfxiVagb5iGiz6da+9A5hslSX6GAQKdO7SayVCS/Fr2kjqprgAvkfA==
  dependencies:
    "@types/react" "*"

"@types/react@*", "@types/react@^16.8.10":
  version "16.8.23"
  resolved "https://registry.yarnpkg.com/@types/react/-/react-16.8.23.tgz#ec6be3ceed6353a20948169b6cb4c97b65b97ad2"
  integrity sha512-abkEOIeljniUN9qB5onp++g0EY38h7atnDHxwKUFz1r3VH1+yG1OKi2sNPTyObL40goBmfKFpdii2lEzwLX1cA==
  dependencies:
    "@types/prop-types" "*"
    csstype "^2.2.0"

csstype@^2.2.0:
  version "2.6.5"
  resolved "https://registry.yarnpkg.com/csstype/-/csstype-2.6.5.tgz#1cd1dff742ebf4d7c991470ae71e12bb6751e034"
  integrity sha512-JsTaiksRsel5n7XwqPAfB0l3TFKdpjW/kgAELf9vrb5adGA7UCPLajKK5s3nFrcFm3Rkyp/Qkgl73ENc1UY3cA==

lodash@^4.17.13:
  version "4.17.21"
  resolved "https://registry.yarnpkg.com/lodash/-/lodash-4.17.21.tgz#679591c564c3bffaae8454cf0b3df370c3d6911c"
  integrity sha512-v2kDEe57lecTulaDIuNTPy3Ry4gLGJ6Z1O3vE1krgXZNrsQ+LFTGHVxVjcXPs17LhbZVGedAJv8XZ1tvj5FvSg==

node-dijkstra@^2.5.0:
  version "2.5.0"
  resolved "https://registry.yarnpkg.com/node-dijkstra/-/node-dijkstra-2.5.0.tgz#0feb76c5a05f35b56e786de6df4d3364af28d4e8"
  integrity sha1-D+t2xaBfNbVueG3m300zZK8o1Og=

typescript@^4.9.3:
  version "4.9.3"
  resolved "https://registry.yarnpkg.com/typescript/-/typescript-4.9.3.tgz#3aea307c1746b8c384435d8ac36b8a2e580d85db"
  integrity sha512-CIfGzTelbKNEnLpLdGFgdyKhG23CKdKgQPOBc+OUNrkJ2vr+KSzsSV5kq5iWhEQbok+quxgGzrAtGWCyU7tHnA==
